
Microsoft Visual Studio Solution File, Format Version 12.00
# Visual Studio Version 17
VisualStudioVersion = 17.5.33530.505
MinimumVisualStudioVersion = 10.0.40219.1
Project("{FAE04EC0-301F-11D3-BF4B-00C04F79EFBC}") = "WS.Android", "WS\WS.Android\WS.Android.csproj", "{8CC607C2-23B0-41FD-B511-FA0ABFA16C59}"
EndProject
Project("{FAE04EC0-301F-11D3-BF4B-00C04F79EFBC}") = "WS", "WS\WS\WS.csproj", "{8EA20F4B-6AD7-4BE2-B00F-F286946F81C8}"
EndProject
Global
	GlobalSection(SolutionConfigurationPlatforms) = preSolution
		Debug|Any CPU = Debug|Any CPU
		Release|Any CPU = Release|Any CPU
	EndGlobalSection
	GlobalSection(ProjectConfigurationPlatforms) = postSolution
		{8CC607C2-23B0-41FD-B511-FA0ABFA16C59}.Debug|Any CPU.ActiveCfg = Debug|Any CPU
		{8CC607C2-23B0-41FD-B511-FA0ABFA16C59}.Debug|Any CPU.Build.0 = Debug|Any CPU
		{8CC607C2-23B0-41FD-B511-FA0ABFA16C59}.Debug|Any CPU.Deploy.0 = Debug|Any CPU
		{8CC607C2-23B0-41FD-B511-FA0ABFA16C59}.Release|Any CPU.ActiveCfg = Release|Any CPU
		{8CC607C2-23B0-41FD-B511-FA0ABFA16C59}.Release|Any CPU.Build.0 = Release|Any CPU
		{8CC607C2-23B0-41FD-B511-FA0ABFA16C59}.Release|Any CPU.Deploy.0 = Release|Any CPU
		{8EA20F4B-6AD7-4BE2-B00F-F286946F81C8}.Debug|Any CPU.ActiveCfg = Debug|Any CPU
		{8EA20F4B-6AD7-4BE2-B00F-F286946F81C8}.Debug|Any CPU.Build.0 = Debug|Any CPU
		{8EA20F4B-6AD7-4BE2-B00F-F286946F81C8}.Debug|Any CPU.Deploy.0 = Debug|Any CPU
		{8EA20F4B-6AD7-4BE2-B00F-F286946F81C8}.Release|Any CPU.ActiveCfg = Release|Any CPU
		{8EA20F4B-6AD7-4BE2-B00F-F286946F81C8}.Release|Any CPU.Build.0 = Release|Any CPU
		{8EA20F4B-6AD7-4BE2-B00F-F286946F81C8}.Release|Any CPU.Deploy.0 = Release|Any CPU
	EndGlobalSection
	GlobalSection(SolutionProperties) = preSolution
		HideSolutionNode = FALSE
	EndGlobalSection
	GlobalSection(ExtensibilityGlobals) = postSolution
		SolutionGuid = {7B335F48-3402-4ECD-A1DE-F86005E6C1DD}
	EndGlobalSection
EndGlobal
